
Microsoft Visual Studio Solution File, Format Version 12.00
# Visual Studio Version 16
VisualStudioVersion = 16.0.32802.440
MinimumVisualStudioVersion = 10.0.40219.1
Project("{8BC9CEB8-8B4A-11D0-8D11-00A0C91BC942}") = "winmine", "winmine.vcxproj", "{5C57C69A-A364-4675-A597-E034F796A10D}"
EndProject
Global
	GlobalSection(SolutionConfigurationPlatforms) = preSolution
		Debug|x64 = Debug|x64
		Debug|x86 = Debug|x86
		Release|x64 = Release|x64
		Release|x86 = Release|x86
	EndGlobalSection
	GlobalSection(ProjectConfigurationPlatforms) = postSolution
		{5C57C69A-A364-4675-A597-E034F796A10D}.Debug|x64.ActiveCfg = Debug|x64
		{5C57C69A-A364-4675-A597-E034F796A10D}.Debug|x64.Build.0 = Debug|x64
		{5C57C69A-A364-4675-A597-E034F796A10D}.Debug|x86.ActiveCfg = Debug|Win32
		{5C57C69A-A364-4675-A597-E034F796A10D}.Debug|x86.Build.0 = Debug|Win32
		{5C57C69A-A364-4675-A597-E034F796A10D}.Release|x64.ActiveCfg = Release|x64
		{5C57C69A-A364-4675-A597-E034F796A10D}.Release|x64.Build.0 = Release|x64
		{5C57C69A-A364-4675-A597-E034F796A10D}.Release|x86.ActiveCfg = Release|Win32
		{5C57C69A-A364-4675-A597-E034F796A10D}.Release|x86.Build.0 = Release|Win32
	EndGlobalSection
	GlobalSection(SolutionProperties) = preSolution
		HideSolutionNode = FALSE
	EndGlobalSection
	GlobalSection(ExtensibilityGlobals) = postSolution
		SolutionGuid = {0CC3594A-79B1-4BFB-B84B-F5CA0FD7D1AF}
	EndGlobalSection
EndGlobal
